
Microsoft Visual Studio Solution File, Format Version 12.00
# Visual Studio Version 17
VisualStudioVersion = 17.8.34525.116
MinimumVisualStudioVersion = 10.0.40219.1
Project("{FAE04EC0-301F-11D3-BF4B-00C04F79EFBC}") = "web_app1", "web_app1.csproj", "{23C2DC7E-AF28-458A-8B7B-10BD175652FB}"
EndProject
Global
	GlobalSection(SolutionConfigurationPlatforms) = preSolution
		Debug|Any CPU = Debug|Any CPU
		Release|Any CPU = Release|Any CPU
	EndGlobalSection
	GlobalSection(ProjectConfigurationPlatforms) = postSolution
		{23C2DC7E-AF28-458A-8B7B-10BD175652FB}.Debug|Any CPU.ActiveCfg = Debug|Any CPU
		{23C2DC7E-AF28-458A-8B7B-10BD175652FB}.Debug|Any CPU.Build.0 = Debug|Any CPU
		{23C2DC7E-AF28-458A-8B7B-10BD175652FB}.Release|Any CPU.ActiveCfg = Release|Any CPU
		{23C2DC7E-AF28-458A-8B7B-10BD175652FB}.Release|Any CPU.Build.0 = Release|Any CPU
	EndGlobalSection
	GlobalSection(SolutionProperties) = preSolution
		HideSolutionNode = FALSE
	EndGlobalSection
	GlobalSection(ExtensibilityGlobals) = postSolution
		SolutionGuid = {8E74D6CD-851A-4DF7-A594-13BB99E97111}
	EndGlobalSection
EndGlobal
